
Microsoft Visual Studio Solution File, Format Version 12.00
# Visual Studio Version 17
VisualStudioVersion = 17.5.33424.131
MinimumVisualStudioVersion = 10.0.40219.1
Project("{FAE04EC0-301F-11D3-BF4B-00C04F79EFBC}") = "BuyEnhancedServerv2", "BuyEnhancedServerv2\BuyEnhancedServerv2.csproj", "{28E0E5A7-0397-4B24-A1CA-878E642D207D}"
EndProject
Global
	GlobalSection(SolutionConfigurationPlatforms) = preSolution
		Debug|Any CPU = Debug|Any CPU
		Release|Any CPU = Release|Any CPU
	EndGlobalSection
	GlobalSection(ProjectConfigurationPlatforms) = postSolution
		{28E0E5A7-0397-4B24-A1CA-878E642D207D}.Debug|Any CPU.ActiveCfg = Debug|Any CPU
		{28E0E5A7-0397-4B24-A1CA-878E642D207D}.Debug|Any CPU.Build.0 = Debug|Any CPU
		{28E0E5A7-0397-4B24-A1CA-878E642D207D}.Release|Any CPU.ActiveCfg = Release|Any CPU
		{28E0E5A7-0397-4B24-A1CA-878E642D207D}.Release|Any CPU.Build.0 = Release|Any CPU
	EndGlobalSection
	GlobalSection(SolutionProperties) = preSolution
		HideSolutionNode = FALSE
	EndGlobalSection
	GlobalSection(ExtensibilityGlobals) = postSolution
		SolutionGuid = {E1B5064F-6A31-4991-A85F-7F92C478C106}
	EndGlobalSection
EndGlobal
